
Microsoft Visual Studio Solution File, Format Version 12.00
# Visual Studio Version 16
VisualStudioVersion = 16.0.30907.101
MinimumVisualStudioVersion = 10.0.40219.1
Project("{9A19103F-16F7-4668-BE54-9A1E7A4F7556}") = "BlazorAppFITSTIC", "BlazorAppFITSTIC\BlazorAppFITSTIC.csproj", "{D1443DCA-8D5F-4CC9-96FB-FF76BF123E29}"
EndProject
Global
	GlobalSection(SolutionConfigurationPlatforms) = preSolution
		Debug|Any CPU = Debug|Any CPU
		Release|Any CPU = Release|Any CPU
	EndGlobalSection
	GlobalSection(ProjectConfigurationPlatforms) = postSolution
		{D1443DCA-8D5F-4CC9-96FB-FF76BF123E29}.Debug|Any CPU.ActiveCfg = Debug|Any CPU
		{D1443DCA-8D5F-4CC9-96FB-FF76BF123E29}.Debug|Any CPU.Build.0 = Debug|Any CPU
		{D1443DCA-8D5F-4CC9-96FB-FF76BF123E29}.Release|Any CPU.ActiveCfg = Release|Any CPU
		{D1443DCA-8D5F-4CC9-96FB-FF76BF123E29}.Release|Any CPU.Build.0 = Release|Any CPU
	EndGlobalSection
	GlobalSection(SolutionProperties) = preSolution
		HideSolutionNode = FALSE
	EndGlobalSection
	GlobalSection(ExtensibilityGlobals) = postSolution
		SolutionGuid = {0F914836-C7C1-4B8D-ADCF-02A9733829D1}
	EndGlobalSection
EndGlobal
